// !$*UTF8*$!
{
	archiveVersion = 1;
	classes = {
	};
	objectVersion = 56;
	objects = {

/* Begin PBXBuildFile section */
		84AC271E293214B00063F8BF /* main.cpp in Sources */ = {isa = PBXBuildFile; fileRef = 84AC271D293214B00063F8BF /* main.cpp */; };
		84AC2724293214F90063F8BF /* person.cpp in Sources */ = {isa = PBXBuildFile; fileRef = 84AC2722293214F90063F8BF /* person.cpp */; };
		84AE27242922DB110085DD1B /* main.cpp in Sources */ = {isa = PBXBuildFile; fileRef = 84AE27232922DB110085DD1B /* main.cpp */; };
		84AE27312922F0490085DD1B /* main.cpp in Sources */ = {isa = PBXBuildFile; fileRef = 84AE27302922F0490085DD1B /* main.cpp */; };
		84AE273C2923E3250085DD1B /* main.cpp in Sources */ = {isa = PBXBuildFile; fileRef = 84AE273B2923E3250085DD1B /* main.cpp */; };
		84AE27422923E3520085DD1B /* point.cpp in Sources */ = {isa = PBXBuildFile; fileRef = 84AE27402923E3520085DD1B /* point.cpp */; };
		84AE27452923E3730085DD1B /* circle.cpp in Sources */ = {isa = PBXBuildFile; fileRef = 84AE27432923E3730085DD1B /* circle.cpp */; };
		84AE274D2923E6470085DD1B /* main.cpp in Sources */ = {isa = PBXBuildFile; fileRef = 84AE274C2923E6470085DD1B /* main.cpp */; };
		84AE27532923E68F0085DD1B /* point.cpp in Sources */ = {isa = PBXBuildFile; fileRef = 84AE27512923E68F0085DD1B /* point.cpp */; };
		84AE275C2923E7140085DD1B /* main.cpp in Sources */ = {isa = PBXBuildFile; fileRef = 84AE275B2923E7140085DD1B /* main.cpp */; };
		84AE2762292425430085DD1B /* person.cpp in Sources */ = {isa = PBXBuildFile; fileRef = 84AE2760292425430085DD1B /* person.cpp */; };
		84AE27652924259E0085DD1B /* superhero.cpp in Sources */ = {isa = PBXBuildFile; fileRef = 84AE27632924259E0085DD1B /* superhero.cpp */; };
		84AE276E2928D47A0085DD1B /* main.cpp in Sources */ = {isa = PBXBuildFile; fileRef = 84AE276D2928D47A0085DD1B /* main.cpp */; };
		84AE27742928DDC90085DD1B /* shape.cpp in Sources */ = {isa = PBXBuildFile; fileRef = 84AE27722928DDC90085DD1B /* shape.cpp */; };
		84AE27772928DFFA0085DD1B /* circle.cpp in Sources */ = {isa = PBXBuildFile; fileRef = 84AE27752928DFFA0085DD1B /* circle.cpp */; };
		84AE277A2928E2DF0085DD1B /* rectangle.cpp in Sources */ = {isa = PBXBuildFile; fileRef = 84AE27782928E2DF0085DD1B /* rectangle.cpp */; };
		84AE277D2928E4DC0085DD1B /* square.cpp in Sources */ = {isa = PBXBuildFile; fileRef = 84AE277B2928E4DC0085DD1B /* square.cpp */; };
/* End PBXBuildFile section */

/* Begin PBXCopyFilesBuildPhase section */
		84AC2719293214B00063F8BF /* CopyFiles */ = {
			isa = PBXCopyFilesBuildPhase;
			buildActionMask = 2147483647;
			dstPath = /usr/share/man/man1/;
			dstSubfolderSpec = 0;
			files = (
			);
			runOnlyForDeploymentPostprocessing = 1;
		};
		84AE271F2922DB110085DD1B /* CopyFiles */ = {
			isa = PBXCopyFilesBuildPhase;
			buildActionMask = 2147483647;
			dstPath = /usr/share/man/man1/;
			dstSubfolderSpec = 0;
			files = (
			);
			runOnlyForDeploymentPostprocessing = 1;
		};
		84AE272C2922F0490085DD1B /* CopyFiles */ = {
			isa = PBXCopyFilesBuildPhase;
			buildActionMask = 2147483647;
			dstPath = /usr/share/man/man1/;
			dstSubfolderSpec = 0;
			files = (
			);
			runOnlyForDeploymentPostprocessing = 1;
		};
		84AE27372923E3250085DD1B /* CopyFiles */ = {
			isa = PBXCopyFilesBuildPhase;
			buildActionMask = 2147483647;
			dstPath = /usr/share/man/man1/;
			dstSubfolderSpec = 0;
			files = (
			);
			runOnlyForDeploymentPostprocessing = 1;
		};
		84AE27482923E6470085DD1B /* CopyFiles */ = {
			isa = PBXCopyFilesBuildPhase;
			buildActionMask = 2147483647;
			dstPath = /usr/share/man/man1/;
			dstSubfolderSpec = 0;
			files = (
			);
			runOnlyForDeploymentPostprocessing = 1;
		};
		84AE27572923E7140085DD1B /* CopyFiles */ = {
			isa = PBXCopyFilesBuildPhase;
			buildActionMask = 2147483647;
			dstPath = /usr/share/man/man1/;
			dstSubfolderSpec = 0;
			files = (
			);
			runOnlyForDeploymentPostprocessing = 1;
		};
		84AE27692928D47A0085DD1B /* CopyFiles */ = {
			isa = PBXCopyFilesBuildPhase;
			buildActionMask = 2147483647;
			dstPath = /usr/share/man/man1/;
			dstSubfolderSpec = 0;
			files = (
			);
			runOnlyForDeploymentPostprocessing = 1;
		};
/* End PBXCopyFilesBuildPhase section */

/* Begin PBXFileReference section */
		84AC271B293214B00063F8BF /* 007-nov-26th */ = {isa = PBXFileReference; explicitFileType = "compiled.mach-o.executable"; includeInIndex = 0; path = "007-nov-26th"; sourceTree = BUILT_PRODUCTS_DIR; };
		84AC271D293214B00063F8BF /* main.cpp */ = {isa = PBXFileReference; lastKnownFileType = sourcecode.cpp.cpp; path = main.cpp; sourceTree = "<group>"; };
		84AC2722293214F90063F8BF /* person.cpp */ = {isa = PBXFileReference; lastKnownFileType = sourcecode.cpp.cpp; path = person.cpp; sourceTree = "<group>"; };
		84AC2723293214F90063F8BF /* person.hpp */ = {isa = PBXFileReference; lastKnownFileType = sourcecode.cpp.h; path = person.hpp; sourceTree = "<group>"; };
		84AE27212922DB110085DD1B /* 001-oct-22nd */ = {isa = PBXFileReference; explicitFileType = "compiled.mach-o.executable"; includeInIndex = 0; path = "001-oct-22nd"; sourceTree = BUILT_PRODUCTS_DIR; };
		84AE27232922DB110085DD1B /* main.cpp */ = {isa = PBXFileReference; lastKnownFileType = sourcecode.cpp.cpp; path = main.cpp; sourceTree = "<group>"; };
		84AE272E2922F0490085DD1B /* 002-oct-29th */ = {isa = PBXFileReference; explicitFileType = "compiled.mach-o.executable"; includeInIndex = 0; path = "002-oct-29th"; sourceTree = BUILT_PRODUCTS_DIR; };
		84AE27302922F0490085DD1B /* main.cpp */ = {isa = PBXFileReference; lastKnownFileType = sourcecode.cpp.cpp; path = main.cpp; sourceTree = "<group>"; };
		84AE27392923E3250085DD1B /* 003-nov-5th */ = {isa = PBXFileReference; explicitFileType = "compiled.mach-o.executable"; includeInIndex = 0; path = "003-nov-5th"; sourceTree = BUILT_PRODUCTS_DIR; };
		84AE273B2923E3250085DD1B /* main.cpp */ = {isa = PBXFileReference; lastKnownFileType = sourcecode.cpp.cpp; path = main.cpp; sourceTree = "<group>"; };
		84AE27402923E3520085DD1B /* point.cpp */ = {isa = PBXFileReference; lastKnownFileType = sourcecode.cpp.cpp; path = point.cpp; sourceTree = "<group>"; };
		84AE27412923E3520085DD1B /* point.hpp */ = {isa = PBXFileReference; lastKnownFileType = sourcecode.cpp.h; path = point.hpp; sourceTree = "<group>"; };
		84AE27432923E3730085DD1B /* circle.cpp */ = {isa = PBXFileReference; lastKnownFileType = sourcecode.cpp.cpp; path = circle.cpp; sourceTree = "<group>"; };
		84AE27442923E3730085DD1B /* circle.hpp */ = {isa = PBXFileReference; lastKnownFileType = sourcecode.cpp.h; path = circle.hpp; sourceTree = "<group>"; };
		84AE274A2923E6470085DD1B /* 004-nov-12th */ = {isa = PBXFileReference; explicitFileType = "compiled.mach-o.executable"; includeInIndex = 0; path = "004-nov-12th"; sourceTree = BUILT_PRODUCTS_DIR; };
		84AE274C2923E6470085DD1B /* main.cpp */ = {isa = PBXFileReference; lastKnownFileType = sourcecode.cpp.cpp; path = main.cpp; sourceTree = "<group>"; };
		84AE27512923E68F0085DD1B /* point.cpp */ = {isa = PBXFileReference; lastKnownFileType = sourcecode.cpp.cpp; path = point.cpp; sourceTree = "<group>"; };
		84AE27522923E68F0085DD1B /* point.hpp */ = {isa = PBXFileReference; lastKnownFileType = sourcecode.cpp.h; path = point.hpp; sourceTree = "<group>"; };
		84AE27542923E7080085DD1B /* README.md */ = {isa = PBXFileReference; lastKnownFileType = net.daringfireball.markdown; path = README.md; sourceTree = "<group>"; };
		84AE27592923E7140085DD1B /* 005-nov-13th */ = {isa = PBXFileReference; explicitFileType = "compiled.mach-o.executable"; includeInIndex = 0; path = "005-nov-13th"; sourceTree = BUILT_PRODUCTS_DIR; };
		84AE275B2923E7140085DD1B /* main.cpp */ = {isa = PBXFileReference; lastKnownFileType = sourcecode.cpp.cpp; path = main.cpp; sourceTree = "<group>"; };
		84AE2760292425430085DD1B /* person.cpp */ = {isa = PBXFileReference; lastKnownFileType = sourcecode.cpp.cpp; path = person.cpp; sourceTree = "<group>"; };
		84AE2761292425430085DD1B /* person.hpp */ = {isa = PBXFileReference; lastKnownFileType = sourcecode.cpp.h; path = person.hpp; sourceTree = "<group>"; };
		84AE27632924259E0085DD1B /* superhero.cpp */ = {isa = PBXFileReference; lastKnownFileType = sourcecode.cpp.cpp; path = superhero.cpp; sourceTree = "<group>"; };
		84AE27642924259E0085DD1B /* superhero.hpp */ = {isa = PBXFileReference; lastKnownFileType = sourcecode.cpp.h; path = superhero.hpp; sourceTree = "<group>"; };
		84AE276629242F940085DD1B /* .gitignore */ = {isa = PBXFileReference; lastKnownFileType = text; path = .gitignore; sourceTree = "<group>"; };
		84AE276B2928D47A0085DD1B /* 006-nov-19th */ = {isa = PBXFileReference; explicitFileType = "compiled.mach-o.executable"; includeInIndex = 0; path = "006-nov-19th"; sourceTree = BUILT_PRODUCTS_DIR; };
		84AE276D2928D47A0085DD1B /* main.cpp */ = {isa = PBXFileReference; lastKnownFileType = sourcecode.cpp.cpp; path = main.cpp; sourceTree = "<group>"; };
		84AE27722928DDC90085DD1B /* shape.cpp */ = {isa = PBXFileReference; lastKnownFileType = sourcecode.cpp.cpp; path = shape.cpp; sourceTree = "<group>"; };
		84AE27732928DDC90085DD1B /* shape.hpp */ = {isa = PBXFileReference; lastKnownFileType = sourcecode.cpp.h; path = shape.hpp; sourceTree = "<group>"; };
		84AE27752928DFFA0085DD1B /* circle.cpp */ = {isa = PBXFileReference; lastKnownFileType = sourcecode.cpp.cpp; path = circle.cpp; sourceTree = "<group>"; };
		84AE27762928DFFA0085DD1B /* circle.hpp */ = {isa = PBXFileReference; lastKnownFileType = sourcecode.cpp.h; path = circle.hpp; sourceTree = "<group>"; };
		84AE27782928E2DF0085DD1B /* rectangle.cpp */ = {isa = PBXFileReference; lastKnownFileType = sourcecode.cpp.cpp; path = rectangle.cpp; sourceTree = "<group>"; };
		84AE27792928E2DF0085DD1B /* rectangle.hpp */ = {isa = PBXFileReference; lastKnownFileType = sourcecode.cpp.h; path = rectangle.hpp; sourceTree = "<group>"; };
		84AE277B2928E4DC0085DD1B /* square.cpp */ = {isa = PBXFileReference; lastKnownFileType = sourcecode.cpp.cpp; path = square.cpp; sourceTree = "<group>"; };
		84AE277C2928E4DC0085DD1B /* square.hpp */ = {isa = PBXFileReference; lastKnownFileType = sourcecode.cpp.h; path = square.hpp; sourceTree = "<group>"; };
/* End PBXFileReference section */

/* Begin PBXFrameworksBuildPhase section */
		84AC2718293214B00063F8BF /* Frameworks */ = {
			isa = PBXFrameworksBuildPhase;
			buildActionMask = 2147483647;
			files = (
			);
			runOnlyForDeploymentPostprocessing = 0;
		};
		84AE271E2922DB110085DD1B /* Frameworks */ = {
			isa = PBXFrameworksBuildPhase;
			buildActionMask = 2147483647;
			files = (
			);
			runOnlyForDeploymentPostprocessing = 0;
		};
		84AE272B2922F0490085DD1B /* Frameworks */ = {
			isa = PBXFrameworksBuildPhase;
			buildActionMask = 2147483647;
			files = (
			);
			runOnlyForDeploymentPostprocessing = 0;
		};
		84AE27362923E3250085DD1B /* Frameworks */ = {
			isa = PBXFrameworksBuildPhase;
			buildActionMask = 2147483647;
			files = (
			);
			runOnlyForDeploymentPostprocessing = 0;
		};
		84AE27472923E6470085DD1B /* Frameworks */ = {
			isa = PBXFrameworksBuildPhase;
			buildActionMask = 2147483647;
			files = (
			);
			runOnlyForDeploymentPostprocessing = 0;
		};
		84AE27562923E7140085DD1B /* Frameworks */ = {
			isa = PBXFrameworksBuildPhase;
			buildActionMask = 2147483647;
			files = (
			);
			runOnlyForDeploymentPostprocessing = 0;
		};
		84AE27682928D47A0085DD1B /* Frameworks */ = {
			isa = PBXFrameworksBuildPhase;
			buildActionMask = 2147483647;
			files = (
			);
			runOnlyForDeploymentPostprocessing = 0;
		};
/* End PBXFrameworksBuildPhase section */

/* Begin PBXGroup section */
		84AC271C293214B00063F8BF /* 007-nov-26th */ = {
			isa = PBXGroup;
			children = (
				84AC271D293214B00063F8BF /* main.cpp */,
				84AC2722293214F90063F8BF /* person.cpp */,
				84AC2723293214F90063F8BF /* person.hpp */,
			);
			path = "007-nov-26th";
			sourceTree = "<group>";
		};
		84AE270A2922DAE60085DD1B = {
			isa = PBXGroup;
			children = (
				84AE276629242F940085DD1B /* .gitignore */,
				84AE27542923E7080085DD1B /* README.md */,
				84AE27222922DB110085DD1B /* 001-oct-22nd */,
				84AE272F2922F0490085DD1B /* 002-oct-29th */,
				84AE273A2923E3250085DD1B /* 003-nov-5th */,
				84AE274B2923E6470085DD1B /* 004-nov-12th */,
				84AE275A2923E7140085DD1B /* 005-nov-13th */,
				84AE276C2928D47A0085DD1B /* 006-nov-19th */,
				84AC271C293214B00063F8BF /* 007-nov-26th */,
				84AE27142922DAE60085DD1B /* Products */,
			);
			sourceTree = "<group>";
		};
		84AE27142922DAE60085DD1B /* Products */ = {
			isa = PBXGroup;
			children = (
				84AE27212922DB110085DD1B /* 001-oct-22nd */,
				84AE272E2922F0490085DD1B /* 002-oct-29th */,
				84AE27392923E3250085DD1B /* 003-nov-5th */,
				84AE274A2923E6470085DD1B /* 004-nov-12th */,
				84AE27592923E7140085DD1B /* 005-nov-13th */,
				84AE276B2928D47A0085DD1B /* 006-nov-19th */,
				84AC271B293214B00063F8BF /* 007-nov-26th */,
			);
			name = Products;
			sourceTree = "<group>";
		};
		84AE27222922DB110085DD1B /* 001-oct-22nd */ = {
			isa = PBXGroup;
			children = (
				84AE27232922DB110085DD1B /* main.cpp */,
			);
			path = "001-oct-22nd";
			sourceTree = "<group>";
		};
		84AE272F2922F0490085DD1B /* 002-oct-29th */ = {
			isa = PBXGroup;
			children = (
				84AE27302922F0490085DD1B /* main.cpp */,
			);
			path = "002-oct-29th";
			sourceTree = "<group>";
		};
		84AE273A2923E3250085DD1B /* 003-nov-5th */ = {
			isa = PBXGroup;
			children = (
				84AE273B2923E3250085DD1B /* main.cpp */,
				84AE27402923E3520085DD1B /* point.cpp */,
				84AE27412923E3520085DD1B /* point.hpp */,
				84AE27432923E3730085DD1B /* circle.cpp */,
				84AE27442923E3730085DD1B /* circle.hpp */,
			);
			path = "003-nov-5th";
			sourceTree = "<group>";
		};
		84AE274B2923E6470085DD1B /* 004-nov-12th */ = {
			isa = PBXGroup;
			children = (
				84AE274C2923E6470085DD1B /* main.cpp */,
				84AE27512923E68F0085DD1B /* point.cpp */,
				84AE27522923E68F0085DD1B /* point.hpp */,
			);
			path = "004-nov-12th";
			sourceTree = "<group>";
		};
		84AE275A2923E7140085DD1B /* 005-nov-13th */ = {
			isa = PBXGroup;
			children = (
				84AE275B2923E7140085DD1B /* main.cpp */,
				84AE2760292425430085DD1B /* person.cpp */,
				84AE2761292425430085DD1B /* person.hpp */,
				84AE27632924259E0085DD1B /* superhero.cpp */,
				84AE27642924259E0085DD1B /* superhero.hpp */,
			);
			path = "005-nov-13th";
			sourceTree = "<group>";
		};
		84AE276C2928D47A0085DD1B /* 006-nov-19th */ = {
			isa = PBXGroup;
			children = (
				84AE276D2928D47A0085DD1B /* main.cpp */,
				84AE27722928DDC90085DD1B /* shape.cpp */,
				84AE27732928DDC90085DD1B /* shape.hpp */,
				84AE27752928DFFA0085DD1B /* circle.cpp */,
				84AE27762928DFFA0085DD1B /* circle.hpp */,
				84AE27782928E2DF0085DD1B /* rectangle.cpp */,
				84AE27792928E2DF0085DD1B /* rectangle.hpp */,
				84AE277B2928E4DC0085DD1B /* square.cpp */,
				84AE277C2928E4DC0085DD1B /* square.hpp */,
			);
			path = "006-nov-19th";
			sourceTree = "<group>";
		};
/* End PBXGroup section */

/* Begin PBXNativeTarget section */
		84AC271A293214B00063F8BF /* 007-nov-26th */ = {
			isa = PBXNativeTarget;
			buildConfigurationList = 84AC2721293214B00063F8BF /* Build configuration list for PBXNativeTarget "007-nov-26th" */;
			buildPhases = (
				84AC2717293214B00063F8BF /* Sources */,
				84AC2718293214B00063F8BF /* Frameworks */,
				84AC2719293214B00063F8BF /* CopyFiles */,
			);
			buildRules = (
			);
			dependencies = (
			);
			name = "007-nov-26th";
			productName = "007-nov-26th";
			productReference = 84AC271B293214B00063F8BF /* 007-nov-26th */;
			productType = "com.apple.product-type.tool";
		};
		84AE27202922DB110085DD1B /* 001-oct-22nd */ = {
			isa = PBXNativeTarget;
			buildConfigurationList = 84AE27252922DB110085DD1B /* Build configuration list for PBXNativeTarget "001-oct-22nd" */;
			buildPhases = (
				84AE271D2922DB110085DD1B /* Sources */,
				84AE271E2922DB110085DD1B /* Frameworks */,
				84AE271F2922DB110085DD1B /* CopyFiles */,
			);
			buildRules = (
			);
			dependencies = (
			);
			name = "001-oct-22nd";
			productName = "001-oct-22nd";
			productReference = 84AE27212922DB110085DD1B /* 001-oct-22nd */;
			productType = "com.apple.product-type.tool";
		};
		84AE272D2922F0490085DD1B /* 002-oct-29th */ = {
			isa = PBXNativeTarget;
			buildConfigurationList = 84AE27322922F0490085DD1B /* Build configuration list for PBXNativeTarget "002-oct-29th" */;
			buildPhases = (
				84AE272A2922F0490085DD1B /* Sources */,
				84AE272B2922F0490085DD1B /* Frameworks */,
				84AE272C2922F0490085DD1B /* CopyFiles */,
			);
			buildRules = (
			);
			dependencies = (
			);
			name = "002-oct-29th";
			productName = "002-oct-29th";
			productReference = 84AE272E2922F0490085DD1B /* 002-oct-29th */;
			productType = "com.apple.product-type.tool";
		};
		84AE27382923E3250085DD1B /* 003-nov-5th */ = {
			isa = PBXNativeTarget;
			buildConfigurationList = 84AE273D2923E3250085DD1B /* Build configuration list for PBXNativeTarget "003-nov-5th" */;
			buildPhases = (
				84AE27352923E3250085DD1B /* Sources */,
				84AE27362923E3250085DD1B /* Frameworks */,
				84AE27372923E3250085DD1B /* CopyFiles */,
			);
			buildRules = (
			);
			dependencies = (
			);
			name = "003-nov-5th";
			productName = "003-nov-5th";
			productReference = 84AE27392923E3250085DD1B /* 003-nov-5th */;
			productType = "com.apple.product-type.tool";
		};
		84AE27492923E6470085DD1B /* 004-nov-12th */ = {
			isa = PBXNativeTarget;
			buildConfigurationList = 84AE274E2923E6470085DD1B /* Build configuration list for PBXNativeTarget "004-nov-12th" */;
			buildPhases = (
				84AE27462923E6470085DD1B /* Sources */,
				84AE27472923E6470085DD1B /* Frameworks */,
				84AE27482923E6470085DD1B /* CopyFiles */,
			);
			buildRules = (
			);
			dependencies = (
			);
			name = "004-nov-12th";
			productName = "004-nov-12th";
			productReference = 84AE274A2923E6470085DD1B /* 004-nov-12th */;
			productType = "com.apple.product-type.tool";
		};
		84AE27582923E7140085DD1B /* 005-nov-13th */ = {
			isa = PBXNativeTarget;
			buildConfigurationList = 84AE275D2923E7140085DD1B /* Build configuration list for PBXNativeTarget "005-nov-13th" */;
			buildPhases = (
				84AE27552923E7140085DD1B /* Sources */,
				84AE27562923E7140085DD1B /* Frameworks */,
				84AE27572923E7140085DD1B /* CopyFiles */,
			);
			buildRules = (
			);
			dependencies = (
			);
			name = "005-nov-13th";
			productName = "005-nov-13th";
			productReference = 84AE27592923E7140085DD1B /* 005-nov-13th */;
			productType = "com.apple.product-type.tool";
		};
		84AE276A2928D47A0085DD1B /* 006-nov-19th */ = {
			isa = PBXNativeTarget;
			buildConfigurationList = 84AE27712928D47A0085DD1B /* Build configuration list for PBXNativeTarget "006-nov-19th" */;
			buildPhases = (
				84AE27672928D47A0085DD1B /* Sources */,
				84AE27682928D47A0085DD1B /* Frameworks */,
				84AE27692928D47A0085DD1B /* CopyFiles */,
			);
			buildRules = (
			);
			dependencies = (
			);
			name = "006-nov-19th";
			productName = "006-nov-19th";
			productReference = 84AE276B2928D47A0085DD1B /* 006-nov-19th */;
			productType = "com.apple.product-type.tool";
		};
/* End PBXNativeTarget section */

/* Begin PBXProject section */
		84AE270B2922DAE60085DD1B /* Project object */ = {
			isa = PBXProject;
			attributes = {
				BuildIndependentTargetsInParallel = 1;
				LastUpgradeCheck = 1410;
				TargetAttributes = {
					84AC271A293214B00063F8BF = {
						CreatedOnToolsVersion = 14.1;
					};
					84AE27202922DB110085DD1B = {
						CreatedOnToolsVersion = 14.1;
					};
					84AE272D2922F0490085DD1B = {
						CreatedOnToolsVersion = 14.1;
					};
					84AE27382923E3250085DD1B = {
						CreatedOnToolsVersion = 14.1;
					};
					84AE27492923E6470085DD1B = {
						CreatedOnToolsVersion = 14.1;
					};
					84AE27582923E7140085DD1B = {
						CreatedOnToolsVersion = 14.1;
					};
					84AE276A2928D47A0085DD1B = {
						CreatedOnToolsVersion = 14.1;
					};
				};
			};
			buildConfigurationList = 84AE270E2922DAE60085DD1B /* Build configuration list for PBXProject "cpp" */;
			compatibilityVersion = "Xcode 14.0";
			developmentRegion = en;
			hasScannedForEncodings = 0;
			knownRegions = (
				en,
				Base,
			);
			mainGroup = 84AE270A2922DAE60085DD1B;
			productRefGroup = 84AE27142922DAE60085DD1B /* Products */;
			projectDirPath = "";
			projectRoot = "";
			targets = (
				84AE27202922DB110085DD1B /* 001-oct-22nd */,
				84AE272D2922F0490085DD1B /* 002-oct-29th */,
				84AE27382923E3250085DD1B /* 003-nov-5th */,
				84AE27492923E6470085DD1B /* 004-nov-12th */,
				84AE27582923E7140085DD1B /* 005-nov-13th */,
				84AE276A2928D47A0085DD1B /* 006-nov-19th */,
				84AC271A293214B00063F8BF /* 007-nov-26th */,
			);
		};
/* End PBXProject section */

/* Begin PBXSourcesBuildPhase section */
		84AC2717293214B00063F8BF /* Sources */ = {
			isa = PBXSourcesBuildPhase;
			buildActionMask = 2147483647;
			files = (
				84AC2724293214F90063F8BF /* person.cpp in Sources */,
				84AC271E293214B00063F8BF /* main.cpp in Sources */,
			);
			runOnlyForDeploymentPostprocessing = 0;
		};
		84AE271D2922DB110085DD1B /* Sources */ = {
			isa = PBXSourcesBuildPhase;
			buildActionMask = 2147483647;
			files = (
				84AE27242922DB110085DD1B /* main.cpp in Sources */,
			);
			runOnlyForDeploymentPostprocessing = 0;
		};
		84AE272A2922F0490085DD1B /* Sources */ = {
			isa = PBXSourcesBuildPhase;
			buildActionMask = 2147483647;
			files = (
				84AE27312922F0490085DD1B /* main.cpp in Sources */,
			);
			runOnlyForDeploymentPostprocessing = 0;
		};
		84AE27352923E3250085DD1B /* Sources */ = {
			isa = PBXSourcesBuildPhase;
			buildActionMask = 2147483647;
			files = (
				84AE27452923E3730085DD1B /* circle.cpp in Sources */,
				84AE27422923E3520085DD1B /* point.cpp in Sources */,
				84AE273C2923E3250085DD1B /* main.cpp in Sources */,
			);
			runOnlyForDeploymentPostprocessing = 0;
		};
		84AE27462923E6470085DD1B /* Sources */ = {
			isa = PBXSourcesBuildPhase;
			buildActionMask = 2147483647;
			files = (
				84AE27532923E68F0085DD1B /* point.cpp in Sources */,
				84AE274D2923E6470085DD1B /* main.cpp in Sources */,
			);
			runOnlyForDeploymentPostprocessing = 0;
		};
		84AE27552923E7140085DD1B /* Sources */ = {
			isa = PBXSourcesBuildPhase;
			buildActionMask = 2147483647;
			files = (
				84AE2762292425430085DD1B /* person.cpp in Sources */,
				84AE27652924259E0085DD1B /* superhero.cpp in Sources */,
				84AE275C2923E7140085DD1B /* main.cpp in Sources */,
			);
			runOnlyForDeploymentPostprocessing = 0;
		};
		84AE27672928D47A0085DD1B /* Sources */ = {
			isa = PBXSourcesBuildPhase;
			buildActionMask = 2147483647;
			files = (
				84AE27772928DFFA0085DD1B /* circle.cpp in Sources */,
				84AE276E2928D47A0085DD1B /* main.cpp in Sources */,
				84AE277D2928E4DC0085DD1B /* square.cpp in Sources */,
				84AE27742928DDC90085DD1B /* shape.cpp in Sources */,
				84AE277A2928E2DF0085DD1B /* rectangle.cpp in Sources */,
			);
			runOnlyForDeploymentPostprocessing = 0;
		};
/* End PBXSourcesBuildPhase section */

/* Begin XCBuildConfiguration section */
		84AC271F293214B00063F8BF /* Debug */ = {
			isa = XCBuildConfiguration;
			buildSettings = {
				CODE_SIGN_STYLE = Automatic;
				DEVELOPMENT_TEAM = ZGWU5D9WFN;
				ENABLE_HARDENED_RUNTIME = YES;
				PRODUCT_NAME = "$(TARGET_NAME)";
			};
			name = Debug;
		};
		84AC2720293214B00063F8BF /* Release */ = {
			isa = XCBuildConfiguration;
			buildSettings = {
				CODE_SIGN_STYLE = Automatic;
				DEVELOPMENT_TEAM = ZGWU5D9WFN;
				ENABLE_HARDENED_RUNTIME = YES;
				PRODUCT_NAME = "$(TARGET_NAME)";
			};
			name = Release;
		};
		84AE27182922DAE60085DD1B /* Debug */ = {
			isa = XCBuildConfiguration;
			buildSettings = {
				ALWAYS_SEARCH_USER_PATHS = NO;
				CLANG_ANALYZER_NONNULL = YES;
				CLANG_ANALYZER_NUMBER_OBJECT_CONVERSION = YES_AGGRESSIVE;
				CLANG_CXX_LANGUAGE_STANDARD = "gnu++20";
				CLANG_ENABLE_MODULES = YES;
				CLANG_ENABLE_OBJC_ARC = YES;
				CLANG_ENABLE_OBJC_WEAK = YES;
				CLANG_WARN_BLOCK_CAPTURE_AUTORELEASING = YES;
				CLANG_WARN_BOOL_CONVERSION = YES;
				CLANG_WARN_COMMA = YES;
				CLANG_WARN_CONSTANT_CONVERSION = YES;
				CLANG_WARN_DEPRECATED_OBJC_IMPLEMENTATIONS = YES;
				CLANG_WARN_DIRECT_OBJC_ISA_USAGE = YES_ERROR;
				CLANG_WARN_DOCUMENTATION_COMMENTS = YES;
				CLANG_WARN_EMPTY_BODY = YES;
				CLANG_WARN_ENUM_CONVERSION = YES;
				CLANG_WARN_INFINITE_RECURSION = YES;
				CLANG_WARN_INT_CONVERSION = YES;
				CLANG_WARN_NON_LITERAL_NULL_CONVERSION = YES;
				CLANG_WARN_OBJC_IMPLICIT_RETAIN_SELF = YES;
				CLANG_WARN_OBJC_LITERAL_CONVERSION = YES;
				CLANG_WARN_OBJC_ROOT_CLASS = YES_ERROR;
				CLANG_WARN_QUOTED_INCLUDE_IN_FRAMEWORK_HEADER = YES;
				CLANG_WARN_RANGE_LOOP_ANALYSIS = YES;
				CLANG_WARN_STRICT_PROTOTYPES = YES;
				CLANG_WARN_SUSPICIOUS_MOVE = YES;
				CLANG_WARN_UNGUARDED_AVAILABILITY = YES_AGGRESSIVE;
				CLANG_WARN_UNREACHABLE_CODE = YES;
				CLANG_WARN__DUPLICATE_METHOD_MATCH = YES;
				COPY_PHASE_STRIP = NO;
				DEBUG_INFORMATION_FORMAT = dwarf;
				ENABLE_STRICT_OBJC_MSGSEND = YES;
				ENABLE_TESTABILITY = YES;
				GCC_C_LANGUAGE_STANDARD = gnu11;
				GCC_DYNAMIC_NO_PIC = NO;
				GCC_NO_COMMON_BLOCKS = YES;
				GCC_OPTIMIZATION_LEVEL = 0;
				GCC_PREPROCESSOR_DEFINITIONS = (
					"DEBUG=1",
					"$(inherited)",
				);
				GCC_WARN_64_TO_32_BIT_CONVERSION = YES;
				GCC_WARN_ABOUT_RETURN_TYPE = YES_ERROR;
				GCC_WARN_UNDECLARED_SELECTOR = YES;
				GCC_WARN_UNINITIALIZED_AUTOS = YES_AGGRESSIVE;
				GCC_WARN_UNUSED_FUNCTION = YES;
				GCC_WARN_UNUSED_VARIABLE = YES;
				MACOSX_DEPLOYMENT_TARGET = 13.0;
				MTL_ENABLE_DEBUG_INFO = INCLUDE_SOURCE;
				MTL_FAST_MATH = YES;
				ONLY_ACTIVE_ARCH = YES;
				SDKROOT = macosx;
			};
			name = Debug;
		};
		84AE27192922DAE60085DD1B /* Release */ = {
			isa = XCBuildConfiguration;
			buildSettings = {
				ALWAYS_SEARCH_USER_PATHS = NO;
				CLANG_ANALYZER_NONNULL = YES;
				CLANG_ANALYZER_NUMBER_OBJECT_CONVERSION = YES_AGGRESSIVE;
				CLANG_CXX_LANGUAGE_STANDARD = "gnu++20";
				CLANG_ENABLE_MODULES = YES;
				CLANG_ENABLE_OBJC_ARC = YES;
				CLANG_ENABLE_OBJC_WEAK = YES;
				CLANG_WARN_BLOCK_CAPTURE_AUTORELEASING = YES;
				CLANG_WARN_BOOL_CONVERSION = YES;
				CLANG_WARN_COMMA = YES;
				CLANG_WARN_CONSTANT_CONVERSION = YES;
				CLANG_WARN_DEPRECATED_OBJC_IMPLEMENTATIONS = YES;
				CLANG_WARN_DIRECT_OBJC_ISA_USAGE = YES_ERROR;
				CLANG_WARN_DOCUMENTATION_COMMENTS = YES;
				CLANG_WARN_EMPTY_BODY = YES;
				CLANG_WARN_ENUM_CONVERSION = YES;
				CLANG_WARN_INFINITE_RECURSION = YES;
				CLANG_WARN_INT_CONVERSION = YES;
				CLANG_WARN_NON_LITERAL_NULL_CONVERSION = YES;
				CLANG_WARN_OBJC_IMPLICIT_RETAIN_SELF = YES;
				CLANG_WARN_OBJC_LITERAL_CONVERSION = YES;
				CLANG_WARN_OBJC_ROOT_CLASS = YES_ERROR;
				CLANG_WARN_QUOTED_INCLUDE_IN_FRAMEWORK_HEADER = YES;
				CLANG_WARN_RANGE_LOOP_ANALYSIS = YES;
				CLANG_WARN_STRICT_PROTOTYPES = YES;
				CLANG_WARN_SUSPICIOUS_MOVE = YES;
				CLANG_WARN_UNGUARDED_AVAILABILITY = YES_AGGRESSIVE;
				CLANG_WARN_UNREACHABLE_CODE = YES;
				CLANG_WARN__DUPLICATE_METHOD_MATCH = YES;
				COPY_PHASE_STRIP = NO;
				DEBUG_INFORMATION_FORMAT = "dwarf-with-dsym";
				ENABLE_NS_ASSERTIONS = NO;
				ENABLE_STRICT_OBJC_MSGSEND = YES;
				GCC_C_LANGUAGE_STANDARD = gnu11;
				GCC_NO_COMMON_BLOCKS = YES;
				GCC_WARN_64_TO_32_BIT_CONVERSION = YES;
				GCC_WARN_ABOUT_RETURN_TYPE = YES_ERROR;
				GCC_WARN_UNDECLARED_SELECTOR = YES;
				GCC_WARN_UNINITIALIZED_AUTOS = YES_AGGRESSIVE;
				GCC_WARN_UNUSED_FUNCTION = YES;
				GCC_WARN_UNUSED_VARIABLE = YES;
				MACOSX_DEPLOYMENT_TARGET = 13.0;
				MTL_ENABLE_DEBUG_INFO = NO;
				MTL_FAST_MATH = YES;
				SDKROOT = macosx;
			};
			name = Release;
		};
		84AE27262922DB110085DD1B /* Debug */ = {
			isa = XCBuildConfiguration;
			buildSettings = {
				CODE_SIGN_STYLE = Automatic;
				DEVELOPMENT_TEAM = ZGWU5D9WFN;
				ENABLE_HARDENED_RUNTIME = YES;
				PRODUCT_NAME = "$(TARGET_NAME)";
			};
			name = Debug;
		};
		84AE27272922DB110085DD1B /* Release */ = {
			isa = XCBuildConfiguration;
			buildSettings = {
				CODE_SIGN_STYLE = Automatic;
				DEVELOPMENT_TEAM = ZGWU5D9WFN;
				ENABLE_HARDENED_RUNTIME = YES;
				PRODUCT_NAME = "$(TARGET_NAME)";
			};
			name = Release;
		};
		84AE27332922F0490085DD1B /* Debug */ = {
			isa = XCBuildConfiguration;
			buildSettings = {
				CODE_SIGN_STYLE = Automatic;
				DEVELOPMENT_TEAM = ZGWU5D9WFN;
				ENABLE_HARDENED_RUNTIME = YES;
				PRODUCT_NAME = "$(TARGET_NAME)";
			};
			name = Debug;
		};
		84AE27342922F0490085DD1B /* Release */ = {
			isa = XCBuildConfiguration;
			buildSettings = {
				CODE_SIGN_STYLE = Automatic;
				DEVELOPMENT_TEAM = ZGWU5D9WFN;
				ENABLE_HARDENED_RUNTIME = YES;
				PRODUCT_NAME = "$(TARGET_NAME)";
			};
			name = Release;
		};
		84AE273E2923E3250085DD1B /* Debug */ = {
			isa = XCBuildConfiguration;
			buildSettings = {
				CODE_SIGN_STYLE = Automatic;
				DEVELOPMENT_TEAM = ZGWU5D9WFN;
				ENABLE_HARDENED_RUNTIME = YES;
				PRODUCT_NAME = "$(TARGET_NAME)";
			};
			name = Debug;
		};
		84AE273F2923E3250085DD1B /* Release */ = {
			isa = XCBuildConfiguration;
			buildSettings = {
				CODE_SIGN_STYLE = Automatic;
				DEVELOPMENT_TEAM = ZGWU5D9WFN;
				ENABLE_HARDENED_RUNTIME = YES;
				PRODUCT_NAME = "$(TARGET_NAME)";
			};
			name = Release;
		};
		84AE274F2923E6470085DD1B /* Debug */ = {
			isa = XCBuildConfiguration;
			buildSettings = {
				CODE_SIGN_STYLE = Automatic;
				DEVELOPMENT_TEAM = ZGWU5D9WFN;
				ENABLE_HARDENED_RUNTIME = YES;
				PRODUCT_NAME = "$(TARGET_NAME)";
			};
			name = Debug;
		};
		84AE27502923E6470085DD1B /* Release */ = {
			isa = XCBuildConfiguration;
			buildSettings = {
				CODE_SIGN_STYLE = Automatic;
				DEVELOPMENT_TEAM = ZGWU5D9WFN;
				ENABLE_HARDENED_RUNTIME = YES;
				PRODUCT_NAME = "$(TARGET_NAME)";
			};
			name = Release;
		};
		84AE275E2923E7140085DD1B /* Debug */ = {
			isa = XCBuildConfiguration;
			buildSettings = {
				CODE_SIGN_STYLE = Automatic;
				DEVELOPMENT_TEAM = ZGWU5D9WFN;
				ENABLE_HARDENED_RUNTIME = YES;
				PRODUCT_NAME = "$(TARGET_NAME)";
			};
			name = Debug;
		};
		84AE275F2923E7140085DD1B /* Release */ = {
			isa = XCBuildConfiguration;
			buildSettings = {
				CODE_SIGN_STYLE = Automatic;
				DEVELOPMENT_TEAM = ZGWU5D9WFN;
				ENABLE_HARDENED_RUNTIME = YES;
				PRODUCT_NAME = "$(TARGET_NAME)";
			};
			name = Release;
		};
		84AE276F2928D47A0085DD1B /* Debug */ = {
			isa = XCBuildConfiguration;
			buildSettings = {
				CODE_SIGN_STYLE = Automatic;
				DEVELOPMENT_TEAM = ZGWU5D9WFN;
				ENABLE_HARDENED_RUNTIME = YES;
				PRODUCT_NAME = "$(TARGET_NAME)";
			};
			name = Debug;
		};
		84AE27702928D47A0085DD1B /* Release */ = {
			isa = XCBuildConfiguration;
			buildSettings = {
				CODE_SIGN_STYLE = Automatic;
				DEVELOPMENT_TEAM = ZGWU5D9WFN;
				ENABLE_HARDENED_RUNTIME = YES;
				PRODUCT_NAME = "$(TARGET_NAME)";
			};
			name = Release;
		};
/* End XCBuildConfiguration section */

/* Begin XCConfigurationList section */
		84AC2721293214B00063F8BF /* Build configuration list for PBXNativeTarget "007-nov-26th" */ = {
			isa = XCConfigurationList;
			buildConfigurations = (
				84AC271F293214B00063F8BF /* Debug */,
				84AC2720293214B00063F8BF /* Release */,
			);
			defaultConfigurationIsVisible = 0;
			defaultConfigurationName = Release;
		};
		84AE270E2922DAE60085DD1B /* Build configuration list for PBXProject "cpp" */ = {
			isa = XCConfigurationList;
			buildConfigurations = (
				84AE27182922DAE60085DD1B /* Debug */,
				84AE27192922DAE60085DD1B /* Release */,
			);
			defaultConfigurationIsVisible = 0;
			defaultConfigurationName = Release;
		};
		84AE27252922DB110085DD1B /* Build configuration list for PBXNativeTarget "001-oct-22nd" */ = {
			isa = XCConfigurationList;
			buildConfigurations = (
				84AE27262922DB110085DD1B /* Debug */,
				84AE27272922DB110085DD1B /* Release */,
			);
			defaultConfigurationIsVisible = 0;
			defaultConfigurationName = Release;
		};
		84AE27322922F0490085DD1B /* Build configuration list for PBXNativeTarget "002-oct-29th" */ = {
			isa = XCConfigurationList;
			buildConfigurations = (
				84AE27332922F0490085DD1B /* Debug */,
				84AE27342922F0490085DD1B /* Release */,
			);
			defaultConfigurationIsVisible = 0;
			defaultConfigurationName = Release;
		};
		84AE273D2923E3250085DD1B /* Build configuration list for PBXNativeTarget "003-nov-5th" */ = {
			isa = XCConfigurationList;
			buildConfigurations = (
				84AE273E2923E3250085DD1B /* Debug */,
				84AE273F2923E3250085DD1B /* Release */,
			);
			defaultConfigurationIsVisible = 0;
			defaultConfigurationName = Release;
		};
		84AE274E2923E6470085DD1B /* Build configuration list for PBXNativeTarget "004-nov-12th" */ = {
			isa = XCConfigurationList;
			buildConfigurations = (
				84AE274F2923E6470085DD1B /* Debug */,
				84AE27502923E6470085DD1B /* Release */,
			);
			defaultConfigurationIsVisible = 0;
			defaultConfigurationName = Release;
		};
		84AE275D2923E7140085DD1B /* Build configuration list for PBXNativeTarget "005-nov-13th" */ = {
			isa = XCConfigurationList;
			buildConfigurations = (
				84AE275E2923E7140085DD1B /* Debug */,
				84AE275F2923E7140085DD1B /* Release */,
			);
			defaultConfigurationIsVisible = 0;
			defaultConfigurationName = Release;
		};
		84AE27712928D47A0085DD1B /* Build configuration list for PBXNativeTarget "006-nov-19th" */ = {
			isa = XCConfigurationList;
			buildConfigurations = (
				84AE276F2928D47A0085DD1B /* Debug */,
				84AE27702928D47A0085DD1B /* Release */,
			);
			defaultConfigurationIsVisible = 0;
			defaultConfigurationName = Release;
		};
/* End XCConfigurationList section */
	};
	rootObject = 84AE270B2922DAE60085DD1B /* Project object */;
}
